
Microsoft Visual Studio Solution File, Format Version 12.00
# Visual Studio Version 17
VisualStudioVersion = 17.12.35514.174 d17.12
MinimumVisualStudioVersion = 10.0.40219.1
Project("{FAE04EC0-301F-11D3-BF4B-00C04F79EFBC}") = "juwelMaster", "juwelMaster\juwelMaster.csproj", "{C23A345A-7B21-480F-A7BF-EF759D78CF7A}"
EndProject
Global
	GlobalSection(SolutionConfigurationPlatforms) = preSolution
		Debug|Any CPU = Debug|Any CPU
		Release|Any CPU = Release|Any CPU
	EndGlobalSection
	GlobalSection(ProjectConfigurationPlatforms) = postSolution
		{C23A345A-7B21-480F-A7BF-EF759D78CF7A}.Debug|Any CPU.ActiveCfg = Debug|Any CPU
		{C23A345A-7B21-480F-A7BF-EF759D78CF7A}.Debug|Any CPU.Build.0 = Debug|Any CPU
		{C23A345A-7B21-480F-A7BF-EF759D78CF7A}.Release|Any CPU.ActiveCfg = Release|Any CPU
		{C23A345A-7B21-480F-A7BF-EF759D78CF7A}.Release|Any CPU.Build.0 = Release|Any CPU
	EndGlobalSection
	GlobalSection(SolutionProperties) = preSolution
		HideSolutionNode = FALSE
	EndGlobalSection
EndGlobal
